
Microsoft Visual Studio Solution File, Format Version 12.00
# Visual Studio Version 17
VisualStudioVersion = 17.11.35327.3
MinimumVisualStudioVersion = 10.0.40219.1
Project("{FAE04EC0-301F-11D3-BF4B-00C04F79EFBC}") = "InfiniteSquaresWebAPI", "InfiniteSquaresWebAPI\InfiniteSquaresWebAPI.csproj", "{A361480F-1912-4A84-85F9-97181217BB60}"
EndProject
Global
	GlobalSection(SolutionConfigurationPlatforms) = preSolution
		Debug|Any CPU = Debug|Any CPU
		Release|Any CPU = Release|Any CPU
	EndGlobalSection
	GlobalSection(ProjectConfigurationPlatforms) = postSolution
		{A361480F-1912-4A84-85F9-97181217BB60}.Debug|Any CPU.ActiveCfg = Debug|Any CPU
		{A361480F-1912-4A84-85F9-97181217BB60}.Debug|Any CPU.Build.0 = Debug|Any CPU
		{A361480F-1912-4A84-85F9-97181217BB60}.Release|Any CPU.ActiveCfg = Release|Any CPU
		{A361480F-1912-4A84-85F9-97181217BB60}.Release|Any CPU.Build.0 = Release|Any CPU
	EndGlobalSection
	GlobalSection(SolutionProperties) = preSolution
		HideSolutionNode = FALSE
	EndGlobalSection
	GlobalSection(ExtensibilityGlobals) = postSolution
		SolutionGuid = {C6688C0C-1766-462E-BB56-469F9F688087}
	EndGlobalSection
EndGlobal
